
Microsoft Visual Studio Solution File, Format Version 12.00
# Visual Studio 15
VisualStudioVersion = 15.0.26124.0
MinimumVisualStudioVersion = 15.0.26124.0
Project("{FAE04EC0-301F-11D3-BF4B-00C04F79EFBC}") = "API", "API\API.csproj", "{C97CDD1C-D13F-40B1-BBB6-D8486F072A61}"
EndProject
Project("{FAE04EC0-301F-11D3-BF4B-00C04F79EFBC}") = "Application", "Application\Application.csproj", "{D6B2F910-F5F7-4EF0-824E-5E6F2DE56BE8}"
EndProject
Project("{FAE04EC0-301F-11D3-BF4B-00C04F79EFBC}") = "Domain", "Domain\Domain.csproj", "{8BB549EC-3265-4C80-AEAE-BF31FBB7E05B}"
EndProject
Project("{FAE04EC0-301F-11D3-BF4B-00C04F79EFBC}") = "Persistence", "Persistence\Persistence.csproj", "{4A5726C6-957D-4123-94FB-22B7B8C23606}"
EndProject
Global
	GlobalSection(SolutionConfigurationPlatforms) = preSolution
		Debug|Any CPU = Debug|Any CPU
		Debug|x64 = Debug|x64
		Debug|x86 = Debug|x86
		Release|Any CPU = Release|Any CPU
		Release|x64 = Release|x64
		Release|x86 = Release|x86
	EndGlobalSection
	GlobalSection(SolutionProperties) = preSolution
		HideSolutionNode = FALSE
	EndGlobalSection
	GlobalSection(ProjectConfigurationPlatforms) = postSolution
		{C97CDD1C-D13F-40B1-BBB6-D8486F072A61}.Debug|Any CPU.ActiveCfg = Debug|Any CPU
		{C97CDD1C-D13F-40B1-BBB6-D8486F072A61}.Debug|Any CPU.Build.0 = Debug|Any CPU
		{C97CDD1C-D13F-40B1-BBB6-D8486F072A61}.Debug|x64.ActiveCfg = Debug|Any CPU
		{C97CDD1C-D13F-40B1-BBB6-D8486F072A61}.Debug|x64.Build.0 = Debug|Any CPU
		{C97CDD1C-D13F-40B1-BBB6-D8486F072A61}.Debug|x86.ActiveCfg = Debug|Any CPU
		{C97CDD1C-D13F-40B1-BBB6-D8486F072A61}.Debug|x86.Build.0 = Debug|Any CPU
		{C97CDD1C-D13F-40B1-BBB6-D8486F072A61}.Release|Any CPU.ActiveCfg = Release|Any CPU
		{C97CDD1C-D13F-40B1-BBB6-D8486F072A61}.Release|Any CPU.Build.0 = Release|Any CPU
		{C97CDD1C-D13F-40B1-BBB6-D8486F072A61}.Release|x64.ActiveCfg = Release|Any CPU
		{C97CDD1C-D13F-40B1-BBB6-D8486F072A61}.Release|x64.Build.0 = Release|Any CPU
		{C97CDD1C-D13F-40B1-BBB6-D8486F072A61}.Release|x86.ActiveCfg = Release|Any CPU
		{C97CDD1C-D13F-40B1-BBB6-D8486F072A61}.Release|x86.Build.0 = Release|Any CPU
		{D6B2F910-F5F7-4EF0-824E-5E6F2DE56BE8}.Debug|Any CPU.ActiveCfg = Debug|Any CPU
		{D6B2F910-F5F7-4EF0-824E-5E6F2DE56BE8}.Debug|Any CPU.Build.0 = Debug|Any CPU
		{D6B2F910-F5F7-4EF0-824E-5E6F2DE56BE8}.Debug|x64.ActiveCfg = Debug|Any CPU
		{D6B2F910-F5F7-4EF0-824E-5E6F2DE56BE8}.Debug|x64.Build.0 = Debug|Any CPU
		{D6B2F910-F5F7-4EF0-824E-5E6F2DE56BE8}.Debug|x86.ActiveCfg = Debug|Any CPU
		{D6B2F910-F5F7-4EF0-824E-5E6F2DE56BE8}.Debug|x86.Build.0 = Debug|Any CPU
		{D6B2F910-F5F7-4EF0-824E-5E6F2DE56BE8}.Release|Any CPU.ActiveCfg = Release|Any CPU
		{D6B2F910-F5F7-4EF0-824E-5E6F2DE56BE8}.Release|Any CPU.Build.0 = Release|Any CPU
		{D6B2F910-F5F7-4EF0-824E-5E6F2DE56BE8}.Release|x64.ActiveCfg = Release|Any CPU
		{D6B2F910-F5F7-4EF0-824E-5E6F2DE56BE8}.Release|x64.Build.0 = Release|Any CPU
		{D6B2F910-F5F7-4EF0-824E-5E6F2DE56BE8}.Release|x86.ActiveCfg = Release|Any CPU
		{D6B2F910-F5F7-4EF0-824E-5E6F2DE56BE8}.Release|x86.Build.0 = Release|Any CPU
		{8BB549EC-3265-4C80-AEAE-BF31FBB7E05B}.Debug|Any CPU.ActiveCfg = Debug|Any CPU
		{8BB549EC-3265-4C80-AEAE-BF31FBB7E05B}.Debug|Any CPU.Build.0 = Debug|Any CPU
		{8BB549EC-3265-4C80-AEAE-BF31FBB7E05B}.Debug|x64.ActiveCfg = Debug|Any CPU
		{8BB549EC-3265-4C80-AEAE-BF31FBB7E05B}.Debug|x64.Build.0 = Debug|Any CPU
		{8BB549EC-3265-4C80-AEAE-BF31FBB7E05B}.Debug|x86.ActiveCfg = Debug|Any CPU
		{8BB549EC-3265-4C80-AEAE-BF31FBB7E05B}.Debug|x86.Build.0 = Debug|Any CPU
		{8BB549EC-3265-4C80-AEAE-BF31FBB7E05B}.Release|Any CPU.ActiveCfg = Release|Any CPU
		{8BB549EC-3265-4C80-AEAE-BF31FBB7E05B}.Release|Any CPU.Build.0 = Release|Any CPU
		{8BB549EC-3265-4C80-AEAE-BF31FBB7E05B}.Release|x64.ActiveCfg = Release|Any CPU
		{8BB549EC-3265-4C80-AEAE-BF31FBB7E05B}.Release|x64.Build.0 = Release|Any CPU
		{8BB549EC-3265-4C80-AEAE-BF31FBB7E05B}.Release|x86.ActiveCfg = Release|Any CPU
		{8BB549EC-3265-4C80-AEAE-BF31FBB7E05B}.Release|x86.Build.0 = Release|Any CPU
		{4A5726C6-957D-4123-94FB-22B7B8C23606}.Debug|Any CPU.ActiveCfg = Debug|Any CPU
		{4A5726C6-957D-4123-94FB-22B7B8C23606}.Debug|Any CPU.Build.0 = Debug|Any CPU
		{4A5726C6-957D-4123-94FB-22B7B8C23606}.Debug|x64.ActiveCfg = Debug|Any CPU
		{4A5726C6-957D-4123-94FB-22B7B8C23606}.Debug|x64.Build.0 = Debug|Any CPU
		{4A5726C6-957D-4123-94FB-22B7B8C23606}.Debug|x86.ActiveCfg = Debug|Any CPU
		{4A5726C6-957D-4123-94FB-22B7B8C23606}.Debug|x86.Build.0 = Debug|Any CPU
		{4A5726C6-957D-4123-94FB-22B7B8C23606}.Release|Any CPU.ActiveCfg = Release|Any CPU
		{4A5726C6-957D-4123-94FB-22B7B8C23606}.Release|Any CPU.Build.0 = Release|Any CPU
		{4A5726C6-957D-4123-94FB-22B7B8C23606}.Release|x64.ActiveCfg = Release|Any CPU
		{4A5726C6-957D-4123-94FB-22B7B8C23606}.Release|x64.Build.0 = Release|Any CPU
		{4A5726C6-957D-4123-94FB-22B7B8C23606}.Release|x86.ActiveCfg = Release|Any CPU
		{4A5726C6-957D-4123-94FB-22B7B8C23606}.Release|x86.Build.0 = Release|Any CPU
	EndGlobalSection
EndGlobal
